
Microsoft Visual Studio Solution File, Format Version 12.00
# Visual Studio Version 17
VisualStudioVersion = 17.11.35222.181
MinimumVisualStudioVersion = 10.0.40219.1
Project("{9A19103F-16F7-4668-BE54-9A1E7A4F7556}") = "ElementalHeartsRevivedMod", "ElementalHeartsRevivedMod.csproj", "{7EE18994-68F2-41FF-B7D1-875B9F96B138}"
EndProject
Global
	GlobalSection(SolutionConfigurationPlatforms) = preSolution
		Debug|Any CPU = Debug|Any CPU
		Release|Any CPU = Release|Any CPU
		Test|Any CPU = Test|Any CPU
	EndGlobalSection
	GlobalSection(ProjectConfigurationPlatforms) = postSolution
		{7EE18994-68F2-41FF-B7D1-875B9F96B138}.Debug|Any CPU.ActiveCfg = Debug|Any CPU
		{7EE18994-68F2-41FF-B7D1-875B9F96B138}.Debug|Any CPU.Build.0 = Debug|Any CPU
		{7EE18994-68F2-41FF-B7D1-875B9F96B138}.Release|Any CPU.ActiveCfg = Release|Any CPU
		{7EE18994-68F2-41FF-B7D1-875B9F96B138}.Release|Any CPU.Build.0 = Release|Any CPU
		{7EE18994-68F2-41FF-B7D1-875B9F96B138}.Test|Any CPU.ActiveCfg = Test|Any CPU
		{7EE18994-68F2-41FF-B7D1-875B9F96B138}.Test|Any CPU.Build.0 = Test|Any CPU
	EndGlobalSection
	GlobalSection(SolutionProperties) = preSolution
		HideSolutionNode = FALSE
	EndGlobalSection
	GlobalSection(ExtensibilityGlobals) = postSolution
		SolutionGuid = {BA8820E3-7831-4C59-8F0E-69B1E9D885C3}
	EndGlobalSection
EndGlobal
